{
  "name": "example",
  "lockfileVersion": 2,
  "requires": true,
  "packages": {
    "": {
      "dependencies": {
        "@bucketfan/radio-api-client": "^0.0.1"
      }
    },
    "node_modules/@bucketfan/radio-api-client": {
      "version": "0.0.1",
      "resolved": "https://npm.pkg.github.com/download/@bucketfan/radio-api-client/0.0.1/46e70f6e8397a1e7b0e915b39cd7771d2f69303e",
      "integrity": "sha512-YqNZIAgrY3vwi96wlizAAxrmhAJuiX9m49A6v2OV/DY9IYgIXutfX6ckO1nFJS8iW5F62giqJs25Me/Ah3K3Ww==",
      "license": "UNLICENSED"
    }
  },
  "dependencies": {
    "@bucketfan/radio-api-client": {
      "version": "0.0.1",
      "resolved": "https://npm.pkg.github.com/download/@bucketfan/radio-api-client/0.0.1/46e70f6e8397a1e7b0e915b39cd7771d2f69303e",
      "integrity": "sha512-YqNZIAgrY3vwi96wlizAAxrmhAJuiX9m49A6v2OV/DY9IYgIXutfX6ckO1nFJS8iW5F62giqJs25Me/Ah3K3Ww=="
    }
  }
}
