{
  "name": "example",
  "lockfileVersion": 2,
  "requires": true,
  "packages": {
    "": {
      "dependencies": {
        "@bucketfan/radio-api-client": "^0.0.5"
      },
      "engines": {
        "node": ">=18.0.0"
      }
    },
    "node_modules/@bucketfan/radio-api-client": {
      "version": "0.0.5",
      "resolved": "https://npm.pkg.github.com/download/@bucketfan/radio-api-client/0.0.5/d55ba1c3bc8c6c028949104340f91781b23aecf6",
      "integrity": "sha512-eweHYQNTpYMlyieuVxW/J1wRfdoGObP+qLx96lOHO6tP+wv7007hzjif7sc4+iQOABgON0eKnFl/HWArVDheng==",
      "license": "UNLICENSED"
    }
  },
  "dependencies": {
    "@bucketfan/radio-api-client": {
      "version": "0.0.5",
      "resolved": "https://npm.pkg.github.com/download/@bucketfan/radio-api-client/0.0.5/d55ba1c3bc8c6c028949104340f91781b23aecf6",
      "integrity": "sha512-eweHYQNTpYMlyieuVxW/J1wRfdoGObP+qLx96lOHO6tP+wv7007hzjif7sc4+iQOABgON0eKnFl/HWArVDheng=="
    }
  }
}
